
Microsoft Visual Studio Solution File, Format Version 12.00
# Visual Studio Version 17
VisualStudioVersion = 17.1.32210.238
MinimumVisualStudioVersion = 10.0.40219.1
Project("{FAE04EC0-301F-11D3-BF4B-00C04F79EFBC}") = "Exceptions", "Exceptions.csproj", "{9A353A50-485F-412B-8FED-3A60B878F5CD}"
EndProject
Global
	GlobalSection(SolutionConfigurationPlatforms) = preSolution
		Debug|Any CPU = Debug|Any CPU
		Release|Any CPU = Release|Any CPU
	EndGlobalSection
	GlobalSection(ProjectConfigurationPlatforms) = postSolution
		{9A353A50-485F-412B-8FED-3A60B878F5CD}.Debug|Any CPU.ActiveCfg = Debug|Any CPU
		{9A353A50-485F-412B-8FED-3A60B878F5CD}.Debug|Any CPU.Build.0 = Debug|Any CPU
		{9A353A50-485F-412B-8FED-3A60B878F5CD}.Release|Any CPU.ActiveCfg = Release|Any CPU
		{9A353A50-485F-412B-8FED-3A60B878F5CD}.Release|Any CPU.Build.0 = Release|Any CPU
	EndGlobalSection
	GlobalSection(SolutionProperties) = preSolution
		HideSolutionNode = FALSE
	EndGlobalSection
	GlobalSection(ExtensibilityGlobals) = postSolution
		SolutionGuid = {E187F48C-C7D2-4859-85E9-D79F4900A2C3}
	EndGlobalSection
EndGlobal
